
Microsoft Visual Studio Solution File, Format Version 12.00
# Visual Studio Version 17
VisualStudioVersion = 17.4.33110.190
MinimumVisualStudioVersion = 10.0.40219.1
Project("{FAE04EC0-301F-11D3-BF4B-00C04F79EFBC}") = "monthsGet", "monthsGet\monthsGet.csproj", "{16F36516-DA3C-4376-8FB3-2F2C247888AE}"
EndProject
Global
	GlobalSection(SolutionConfigurationPlatforms) = preSolution
		Debug|Any CPU = Debug|Any CPU
		Release|Any CPU = Release|Any CPU
	EndGlobalSection
	GlobalSection(ProjectConfigurationPlatforms) = postSolution
		{16F36516-DA3C-4376-8FB3-2F2C247888AE}.Debug|Any CPU.ActiveCfg = Debug|Any CPU
		{16F36516-DA3C-4376-8FB3-2F2C247888AE}.Debug|Any CPU.Build.0 = Debug|Any CPU
		{16F36516-DA3C-4376-8FB3-2F2C247888AE}.Release|Any CPU.ActiveCfg = Release|Any CPU
		{16F36516-DA3C-4376-8FB3-2F2C247888AE}.Release|Any CPU.Build.0 = Release|Any CPU
	EndGlobalSection
	GlobalSection(SolutionProperties) = preSolution
		HideSolutionNode = FALSE
	EndGlobalSection
	GlobalSection(ExtensibilityGlobals) = postSolution
		SolutionGuid = {7CCB1BF3-C4F3-49D6-B93D-44AB55AA9838}
	EndGlobalSection
EndGlobal
